
Microsoft Visual Studio Solution File, Format Version 12.00
# Visual Studio Version 16
VisualStudioVersion = 16.0.30204.135
MinimumVisualStudioVersion = 10.0.40219.1
Project("{FAE04EC0-301F-11D3-BF4B-00C04F79EFBC}") = "Relations", "Relations\Relations.csproj", "{A1306ED9-62A6-43D8-86DC-3305122465FF}"
EndProject
Global
	GlobalSection(SolutionConfigurationPlatforms) = preSolution
		Debug|Any CPU = Debug|Any CPU
		Release|Any CPU = Release|Any CPU
	EndGlobalSection
	GlobalSection(ProjectConfigurationPlatforms) = postSolution
		{A1306ED9-62A6-43D8-86DC-3305122465FF}.Debug|Any CPU.ActiveCfg = Debug|Any CPU
		{A1306ED9-62A6-43D8-86DC-3305122465FF}.Debug|Any CPU.Build.0 = Debug|Any CPU
		{A1306ED9-62A6-43D8-86DC-3305122465FF}.Release|Any CPU.ActiveCfg = Release|Any CPU
		{A1306ED9-62A6-43D8-86DC-3305122465FF}.Release|Any CPU.Build.0 = Release|Any CPU
	EndGlobalSection
	GlobalSection(SolutionProperties) = preSolution
		HideSolutionNode = FALSE
	EndGlobalSection
	GlobalSection(ExtensibilityGlobals) = postSolution
		SolutionGuid = {BB7478D1-0107-4149-B83E-0DBA5FDBFEE7}
	EndGlobalSection
EndGlobal
